<?xml version="1.0" encoding="utf-8"?>
<Project ToolsVersion="4.0" xmlns="http://schemas.microsoft.com/developer/msbuild/2003">
  <ItemGroup>
    <Filter Include="Source Files">
      <UniqueIdentifier>{4FC737F1-C7A5-4376-A066-2A32D752A2FF}</UniqueIdentifier>
      <Extensions>cpp;c;cc;cxx;c++;cppm;ixx;def;odl;idl;hpj;bat;asm;asmx</Extensions>
    </Filter>
    <Filter Include="Header Files">
      <UniqueIdentifier>{93995380-89BD-4b04-88EB-625FBE52EBFB}</UniqueIdentifier>
      <Extensions>h;hh;hpp;hxx;h++;hm;inl;inc;ipp;xsd</Extensions>
    </Filter>
    <Filter Include="Resource Files">
      <UniqueIdentifier>{67DA6AB6-F800-4c08-8B7A-83BB121AAD01}</UniqueIdentifier>
      <Extensions>rc;ico;cur;bmp;dlg;rc2;rct;bin;rgs;gif;jpg;jpeg;jpe;resx;tiff;tif;png;wav;mfcribbon-ms</Extensions>
    </Filter>
    <Filter Include="Header Files\Resources">
      <UniqueIdentifier>{10be82e9-da68-4ad8-8133-131e53c1a590}</UniqueIdentifier>
    </Filter>
    <Filter Include="Header Files\Nodes">
      <UniqueIdentifier>{3ef9dd9d-8585-4ecb-8ed2-23d1a76f58a9}</UniqueIdentifier>
    </Filter>
    <Filter Include="Source Files\Nodes">
      <UniqueIdentifier>{0a443afb-58c7-4a89-943b-0899fb5117da}</UniqueIdentifier>
    </Filter>
    <Filter Include="Header Files\States">
      <UniqueIdentifier>{a465122e-0692-442d-8539-1f3fe8d3eff1}</UniqueIdentifier>
    </Filter>
    <Filter Include="Header Files\Nodes\Physical">
      <UniqueIdentifier>{34e0a86e-6632-44f2-bad1-b55fa6550e28}</UniqueIdentifier>
    </Filter>
    <Filter Include="Source Files\States">
      <UniqueIdentifier>{8a4e707a-7fe9-42a3-82a5-2a6071665bd9}</UniqueIdentifier>
    </Filter>
    <Filter Include="Source Files\Nodes\Physical">
      <UniqueIdentifier>{96c72fe2-c387-4f5a-9939-e75636ae52d9}</UniqueIdentifier>
    </Filter>
    <Filter Include="Header Files\Nodes\Physical\Specified">
      <UniqueIdentifier>{383a6552-b78f-4cb2-a36f-c903734a63ea}</UniqueIdentifier>
    </Filter>
    <Filter Include="Source Files\Nodes\Physical\Specified">
      <UniqueIdentifier>{667163f3-2d92-46eb-b9bf-38d70ed77b8b}</UniqueIdentifier>
    </Filter>
  </ItemGroup>
  <ItemGroup>
    <ClCompile Include="Worms-Clone.cpp">
      <Filter>Source Files</Filter>
    </ClCompile>
    <ClCompile Include="Nodes\NodeScene.cpp">
      <Filter>Source Files\Nodes</Filter>
    </ClCompile>
    <ClCompile Include="Nodes\NodeSprite.cpp">
      <Filter>Source Files\Nodes</Filter>
    </ClCompile>
    <ClCompile Include="Game.cpp">
      <Filter>Source Files</Filter>
    </ClCompile>
    <ClCompile Include="World.cpp">
      <Filter>Source Files</Filter>
    </ClCompile>
    <ClCompile Include="Nodes\Physical\NodeRectangularPhysical.cpp">
      <Filter>Source Files\Nodes\Physical</Filter>
    </ClCompile>
    <ClCompile Include="States\StateStack.cpp">
      <Filter>Source Files\States</Filter>
    </ClCompile>
    <ClCompile Include="States\State.cpp">
      <Filter>Source Files\States</Filter>
    </ClCompile>
    <ClCompile Include="DebugBox2D.cpp">
      <Filter>Source Files</Filter>
    </ClCompile>
    <ClCompile Include="Nodes\Physical\NodePhysical.cpp">
      <Filter>Source Files\Nodes\Physical</Filter>
    </ClCompile>
    <ClCompile Include="Nodes\Physical\Specified\Worm.cpp">
      <Filter>Source Files\Nodes\Physical\Specified</Filter>
    </ClCompile>
  </ItemGroup>
  <ItemGroup>
    <ClInclude Include="Game.h">
      <Filter>Header Files</Filter>
    </ClInclude>
    <ClInclude Include="World.h">
      <Filter>Header Files</Filter>
    </ClInclude>
    <ClInclude Include="Nodes\NodeScene.h">
      <Filter>Header Files\Nodes</Filter>
    </ClInclude>
    <ClInclude Include="Nodes\NodeSprite.h">
      <Filter>Header Files\Nodes</Filter>
    </ClInclude>
    <ClInclude Include="Resources\ResourceManager.h">
      <Filter>Header Files\Resources</Filter>
    </ClInclude>
    <ClInclude Include="Resources\Resources.h">
      <Filter>Header Files\Resources</Filter>
    </ClInclude>
    <ClInclude Include="States\State.h">
      <Filter>Header Files\States</Filter>
    </ClInclude>
    <ClInclude Include="States\States.h">
      <Filter>Header Files\States</Filter>
    </ClInclude>
    <ClInclude Include="States\StateStack.h">
      <Filter>Header Files\States</Filter>
    </ClInclude>
    <ClInclude Include="Nodes\Physical\NodeRectangularPhysical.h">
      <Filter>Header Files\Nodes\Physical</Filter>
    </ClInclude>
    <ClInclude Include="DebugBox2D.h">
      <Filter>Header Files</Filter>
    </ClInclude>
    <ClInclude Include="Nodes\Physical\NodePhysical.h">
      <Filter>Header Files\Nodes\Physical</Filter>
    </ClInclude>
    <ClInclude Include="Nodes\Physical\Specified\Worm.h">
      <Filter>Header Files\Nodes\Physical\Specified</Filter>
    </ClInclude>
    <ClInclude Include="Nodes\Physical\CollideTypes.h">
      <Filter>Header Files\Nodes\Physical</Filter>
    </ClInclude>
  </ItemGroup>
</Project>