<?xml version="1.0" encoding="utf-8"?>
<Project ToolsVersion="4.0" xmlns="http://schemas.microsoft.com/developer/msbuild/2003">
  <ItemGroup>
    <Filter Include="Source Files">
      <UniqueIdentifier>{4FC737F1-C7A5-4376-A066-2A32D752A2FF}</UniqueIdentifier>
      <Extensions>cpp;c;cc;cxx;c++;cppm;ixx;def;odl;idl;hpj;bat;asm;asmx</Extensions>
    </Filter>
    <Filter Include="Header Files">
      <UniqueIdentifier>{93995380-89BD-4b04-88EB-625FBE52EBFB}</UniqueIdentifier>
      <Extensions>h;hh;hpp;hxx;h++;hm;inl;inc;ipp;xsd</Extensions>
    </Filter>
    <Filter Include="Resource Files">
      <UniqueIdentifier>{67DA6AB6-F800-4c08-8B7A-83BB121AAD01}</UniqueIdentifier>
      <Extensions>rc;ico;cur;bmp;dlg;rc2;rct;bin;rgs;gif;jpg;jpeg;jpe;resx;tiff;tif;png;wav;mfcribbon-ms</Extensions>
    </Filter>
    <Filter Include="Header Files\Resources">
      <UniqueIdentifier>{10be82e9-da68-4ad8-8133-131e53c1a590}</UniqueIdentifier>
    </Filter>
    <Filter Include="Header Files\Nodes">
      <UniqueIdentifier>{3ef9dd9d-8585-4ecb-8ed2-23d1a76f58a9}</UniqueIdentifier>
    </Filter>
    <Filter Include="Source Files\Nodes">
      <UniqueIdentifier>{0a443afb-58c7-4a89-943b-0899fb5117da}</UniqueIdentifier>
    </Filter>
    <Filter Include="Header Files\States">
      <UniqueIdentifier>{a465122e-0692-442d-8539-1f3fe8d3eff1}</UniqueIdentifier>
    </Filter>
    <Filter Include="Header Files\Nodes\Physical">
      <UniqueIdentifier>{34e0a86e-6632-44f2-bad1-b55fa6550e28}</UniqueIdentifier>
    </Filter>
    <Filter Include="Source Files\States">
      <UniqueIdentifier>{8a4e707a-7fe9-42a3-82a5-2a6071665bd9}</UniqueIdentifier>
    </Filter>
    <Filter Include="Source Files\Nodes\Physical">
      <UniqueIdentifier>{96c72fe2-c387-4f5a-9939-e75636ae52d9}</UniqueIdentifier>
    </Filter>
    <Filter Include="Header Files\Nodes\Physical\Specified">
      <UniqueIdentifier>{383a6552-b78f-4cb2-a36f-c903734a63ea}</UniqueIdentifier>
    </Filter>
    <Filter Include="Source Files\Nodes\Physical\Specified">
      <UniqueIdentifier>{667163f3-2d92-46eb-b9bf-38d70ed77b8b}</UniqueIdentifier>
    </Filter>
    <Filter Include="Header Files\States\Application_States">
      <UniqueIdentifier>{24acbe70-b796-4049-bb53-d7ef9c449a5d}</UniqueIdentifier>
    </Filter>
    <Filter Include="Source Files\States\Application_States">
      <UniqueIdentifier>{6d3aabf6-04b3-425f-ad85-eb8e982c1ac2}</UniqueIdentifier>
    </Filter>
    <Filter Include="Header Files\Nodes\Physical\Specified\Worm">
      <UniqueIdentifier>{9f61bb16-d17b-4ff2-b616-51892ee8c759}</UniqueIdentifier>
    </Filter>
    <Filter Include="Source Files\Nodes\Physical\Specified\Worm">
      <UniqueIdentifier>{071eab7a-a578-4003-b884-31f2d110d43f}</UniqueIdentifier>
    </Filter>
    <Filter Include="Header Files\Nodes\Physical\Specified\Worm\Weapons">
      <UniqueIdentifier>{37ebbdea-8934-4eca-8f6d-a2706cf378c3}</UniqueIdentifier>
    </Filter>
    <Filter Include="Source Files\Nodes\Physical\Specified\Worm\Weapons">
      <UniqueIdentifier>{50184757-3906-40e6-85b4-ce4a10f02048}</UniqueIdentifier>
    </Filter>
    <Filter Include="Header Files\Nodes\Physical\Specified\Worm\Inventory">
      <UniqueIdentifier>{2f2ec47a-f7a3-48ff-ab1e-888f541d383e}</UniqueIdentifier>
    </Filter>
    <Filter Include="Source Files\Nodes\Physical\Specified\Worm\Inventory">
      <UniqueIdentifier>{5b8fd1e2-ac34-4cf1-9498-13e2d5c91c6f}</UniqueIdentifier>
    </Filter>
    <Filter Include="Header Files\GUI">
      <UniqueIdentifier>{ce667bf5-bbce-4352-8216-6eea233ae12b}</UniqueIdentifier>
    </Filter>
    <Filter Include="Source Files\GUI">
      <UniqueIdentifier>{95634c88-5ff5-45a0-9da7-618de7a76c4d}</UniqueIdentifier>
    </Filter>
    <Filter Include="Header Files\Level Editor">
      <UniqueIdentifier>{536c870c-f822-4616-851e-683e53f8cb9d}</UniqueIdentifier>
    </Filter>
    <Filter Include="Source Files\Level Editor">
      <UniqueIdentifier>{4c38dc11-b571-4e6e-ac77-96881f4b7f87}</UniqueIdentifier>
    </Filter>
    <Filter Include="Source Files\Externals">
      <UniqueIdentifier>{1c7e6c19-aa98-435d-9c0d-ada193547db8}</UniqueIdentifier>
    </Filter>
    <Filter Include="Source Files\Externals\Poly2Tri">
      <UniqueIdentifier>{88360d44-c165-496c-adf4-b9c5563dfe3d}</UniqueIdentifier>
    </Filter>
    <Filter Include="Source Files\Externals\Clipper">
      <UniqueIdentifier>{815eee19-784a-4c3a-9c8c-fa28a0640cc6}</UniqueIdentifier>
    </Filter>
    <Filter Include="Header Files\Nodes\Particles">
      <UniqueIdentifier>{915285e4-8b31-49c7-8796-60dc50559d76}</UniqueIdentifier>
    </Filter>
    <Filter Include="Source Files\Nodes\Particles">
      <UniqueIdentifier>{0b12d349-ead5-47d0-bf39-620b9d97ec78}</UniqueIdentifier>
    </Filter>
  </ItemGroup>
  <ItemGroup>
    <ClCompile Include="Worms-Clone.cpp">
      <Filter>Source Files</Filter>
    </ClCompile>
    <ClCompile Include="Nodes\NodeScene.cpp">
      <Filter>Source Files\Nodes</Filter>
    </ClCompile>
    <ClCompile Include="Nodes\NodeSprite.cpp">
      <Filter>Source Files\Nodes</Filter>
    </ClCompile>
    <ClCompile Include="Game.cpp">
      <Filter>Source Files</Filter>
    </ClCompile>
    <ClCompile Include="World.cpp">
      <Filter>Source Files</Filter>
    </ClCompile>
    <ClCompile Include="Nodes\Physical\NodeRectangularPhysical.cpp">
      <Filter>Source Files\Nodes\Physical</Filter>
    </ClCompile>
    <ClCompile Include="States\StateStack.cpp">
      <Filter>Source Files\States</Filter>
    </ClCompile>
    <ClCompile Include="States\State.cpp">
      <Filter>Source Files\States</Filter>
    </ClCompile>
    <ClCompile Include="DebugBox2D.cpp">
      <Filter>Source Files</Filter>
    </ClCompile>
    <ClCompile Include="States\Application_States\GameState.cpp">
      <Filter>Source Files\States\Application_States</Filter>
    </ClCompile>
    <ClCompile Include="States\Application_States\TitleState.cpp">
      <Filter>Source Files\States\Application_States</Filter>
    </ClCompile>
    <ClCompile Include="Nodes\Physical\Specified\Worm\Worm.cpp">
      <Filter>Source Files\Nodes\Physical\Specified\Worm</Filter>
    </ClCompile>
    <ClCompile Include="Nodes\Physical\Specified\Worm\WormHideState.cpp">
      <Filter>Source Files\Nodes\Physical\Specified\Worm</Filter>
    </ClCompile>
    <ClCompile Include="Nodes\Physical\Specified\Worm\WormPlayState.cpp">
      <Filter>Source Files\Nodes\Physical\Specified\Worm</Filter>
    </ClCompile>
    <ClCompile Include="Nodes\Physical\Specified\Worm\WormWaitState.cpp">
      <Filter>Source Files\Nodes\Physical\Specified\Worm</Filter>
    </ClCompile>
    <ClCompile Include="Nodes\NodeText.cpp">
      <Filter>Source Files\Nodes</Filter>
    </ClCompile>
    <ClCompile Include="Nodes\Physical\Specified\Worm\WormMoveableState.cpp">
      <Filter>Source Files\Nodes\Physical\Specified\Worm</Filter>
    </ClCompile>
    <ClCompile Include="Nodes\Physical\Specified\Worm\Weapons\Weapon.cpp">
      <Filter>Source Files\Nodes\Physical\Specified\Worm\Weapons</Filter>
    </ClCompile>
    <ClCompile Include="Nodes\Physical\Specified\Worm\Weapons\Bazooka.cpp">
      <Filter>Source Files\Nodes\Physical\Specified\Worm\Weapons</Filter>
    </ClCompile>
    <ClCompile Include="Nodes\Physical\NodePhysicalSprite.cpp">
      <Filter>Source Files\Nodes\Physical</Filter>
    </ClCompile>
    <ClCompile Include="Nodes\Physical\Specified\Worm\Weapons\Bullet.cpp">
      <Filter>Source Files\Nodes\Physical\Specified\Worm\Weapons</Filter>
    </ClCompile>
    <ClCompile Include="Nodes\Physical\Specified\Worm\Weapons\Hitbox.cpp">
      <Filter>Source Files\Nodes\Physical\Specified\Worm\Weapons</Filter>
    </ClCompile>
    <ClCompile Include="Nodes\Physical\Specified\Worm\WormHitState.cpp">
      <Filter>Source Files\Nodes\Physical\Specified\Worm</Filter>
    </ClCompile>
    <ClCompile Include="Nodes\Physical\NodePhysicalSpark.cpp">
      <Filter>Source Files\Nodes\Physical</Filter>
    </ClCompile>
    <ClCompile Include="WorldListener.cpp">
      <Filter>Source Files</Filter>
    </ClCompile>
    <ClCompile Include="Nodes\Physical\Specified\Worm\WormInventoryState.cpp">
      <Filter>Source Files\Nodes\Physical\Specified\Worm</Filter>
    </ClCompile>
    <ClCompile Include="Nodes\Physical\Specified\Worm\Weapons\Cannon.cpp">
      <Filter>Source Files\Nodes\Physical\Specified\Worm\Weapons</Filter>
    </ClCompile>
    <ClCompile Include="Nodes\Physical\NodePhysicalBody.cpp">
      <Filter>Source Files\Nodes\Physical</Filter>
    </ClCompile>
    <ClCompile Include="Nodes\Physical\NodePhysicalBase.cpp">
      <Filter>Source Files\Nodes\Physical</Filter>
    </ClCompile>
    <ClCompile Include="Nodes\GameplayManager.cpp">
      <Filter>Source Files\Nodes</Filter>
    </ClCompile>
    <ClCompile Include="Nodes\Physical\Specified\Worm\Weapons\Delayed_Bullet.cpp">
      <Filter>Source Files\Nodes\Physical\Specified\Worm\Weapons</Filter>
    </ClCompile>
    <ClCompile Include="Nodes\Physical\Specified\Worm\Weapons\Grenade.cpp">
      <Filter>Source Files\Nodes\Physical\Specified\Worm\Weapons</Filter>
    </ClCompile>
    <ClCompile Include="GUI\Button.cpp">
      <Filter>Source Files\GUI</Filter>
    </ClCompile>
    <ClCompile Include="GUI\Component.cpp">
      <Filter>Source Files\GUI</Filter>
    </ClCompile>
    <ClCompile Include="GUI\Container.cpp">
      <Filter>Source Files\GUI</Filter>
    </ClCompile>
    <ClCompile Include="States\Application_States\MenuState.cpp">
      <Filter>Source Files\States\Application_States</Filter>
    </ClCompile>
    <ClCompile Include="utils.cpp">
      <Filter>Source Files</Filter>
    </ClCompile>
    <ClCompile Include="Nodes\Physical\Specified\Worm\WormQueue.cpp">
      <Filter>Source Files\Nodes\Physical\Specified\Worm</Filter>
    </ClCompile>
    <ClCompile Include="States\Application_States\PauseState.cpp">
      <Filter>Source Files\States\Application_States</Filter>
    </ClCompile>
    <ClCompile Include="GUI\FixedContainer.cpp">
      <Filter>Source Files\GUI</Filter>
    </ClCompile>
    <ClCompile Include="States\Application_States\EditorState.cpp">
      <Filter>Source Files\States\Application_States</Filter>
    </ClCompile>
    <ClCompile Include="Level Editor\Editor.cpp">
      <Filter>Source Files\Level Editor</Filter>
    </ClCompile>
    <ClCompile Include="Level Editor\NodeEditorObject.cpp">
      <Filter>Source Files\Level Editor</Filter>
    </ClCompile>
    <ClCompile Include="..\External Libraries\Poly2Tri\include\common\shapes.cc">
      <Filter>Source Files\Externals\Poly2Tri</Filter>
    </ClCompile>
    <ClCompile Include="..\External Libraries\Poly2Tri\include\sweep\advancing_front.cc">
      <Filter>Source Files\Externals\Poly2Tri</Filter>
    </ClCompile>
    <ClCompile Include="..\External Libraries\Poly2Tri\include\sweep\cdt.cc">
      <Filter>Source Files\Externals\Poly2Tri</Filter>
    </ClCompile>
    <ClCompile Include="..\External Libraries\Poly2Tri\include\sweep\sweep.cc">
      <Filter>Source Files\Externals\Poly2Tri</Filter>
    </ClCompile>
    <ClCompile Include="..\External Libraries\Poly2Tri\include\sweep\sweep_context.cc">
      <Filter>Source Files\Externals\Poly2Tri</Filter>
    </ClCompile>
    <ClCompile Include="..\External Libraries\Clipper\include\clipper.cpp">
      <Filter>Source Files\Externals\Clipper</Filter>
    </ClCompile>
    <ClCompile Include="Nodes\Physical\NodeDestructibleRectangle.cpp">
      <Filter>Source Files\Nodes\Physical</Filter>
    </ClCompile>
    <ClCompile Include="Nodes\Physical\NodeWater.cpp">
      <Filter>Source Files\Nodes\Physical</Filter>
    </ClCompile>
    <ClCompile Include="Nodes\Particles\NodeParticle.cpp">
      <Filter>Source Files\Nodes\Particles</Filter>
    </ClCompile>
    <ClCompile Include="Nodes\Particles\NodeEmitter.cpp">
      <Filter>Source Files\Nodes\Particles</Filter>
    </ClCompile>
  </ItemGroup>
  <ItemGroup>
    <ClInclude Include="Game.h">
      <Filter>Header Files</Filter>
    </ClInclude>
    <ClInclude Include="World.h">
      <Filter>Header Files</Filter>
    </ClInclude>
    <ClInclude Include="Nodes\NodeScene.h">
      <Filter>Header Files\Nodes</Filter>
    </ClInclude>
    <ClInclude Include="Nodes\NodeSprite.h">
      <Filter>Header Files\Nodes</Filter>
    </ClInclude>
    <ClInclude Include="Resources\ResourceManager.h">
      <Filter>Header Files\Resources</Filter>
    </ClInclude>
    <ClInclude Include="Resources\Resources.h">
      <Filter>Header Files\Resources</Filter>
    </ClInclude>
    <ClInclude Include="States\State.h">
      <Filter>Header Files\States</Filter>
    </ClInclude>
    <ClInclude Include="States\States.h">
      <Filter>Header Files\States</Filter>
    </ClInclude>
    <ClInclude Include="States\StateStack.h">
      <Filter>Header Files\States</Filter>
    </ClInclude>
    <ClInclude Include="Nodes\Physical\NodeRectangularPhysical.h">
      <Filter>Header Files\Nodes\Physical</Filter>
    </ClInclude>
    <ClInclude Include="DebugBox2D.h">
      <Filter>Header Files</Filter>
    </ClInclude>
    <ClInclude Include="Nodes\Physical\CollideTypes.h">
      <Filter>Header Files\Nodes\Physical</Filter>
    </ClInclude>
    <ClInclude Include="States\Application_States\GameState.h">
      <Filter>Header Files\States\Application_States</Filter>
    </ClInclude>
    <ClInclude Include="States\Application_States\TitleState.h">
      <Filter>Header Files\States\Application_States</Filter>
    </ClInclude>
    <ClInclude Include="Nodes\Physical\Specified\Worm\Worm.h">
      <Filter>Header Files\Nodes\Physical\Specified\Worm</Filter>
    </ClInclude>
    <ClInclude Include="Nodes\Physical\Specified\Worm\WormHideState.h">
      <Filter>Header Files\Nodes\Physical\Specified\Worm</Filter>
    </ClInclude>
    <ClInclude Include="Nodes\Physical\Specified\Worm\WormPlayState.h">
      <Filter>Header Files\Nodes\Physical\Specified\Worm</Filter>
    </ClInclude>
    <ClInclude Include="Nodes\Physical\Specified\Worm\WormWaitState.h">
      <Filter>Header Files\Nodes\Physical\Specified\Worm</Filter>
    </ClInclude>
    <ClInclude Include="Nodes\NodeText.h">
      <Filter>Header Files\Nodes</Filter>
    </ClInclude>
    <ClInclude Include="Nodes\Physical\Specified\Worm\WormMoveableState.h">
      <Filter>Header Files\Nodes\Physical\Specified\Worm</Filter>
    </ClInclude>
    <ClInclude Include="Nodes\Physical\Specified\Worm\Weapons\Weapon.h">
      <Filter>Header Files\Nodes\Physical\Specified\Worm\Weapons</Filter>
    </ClInclude>
    <ClInclude Include="Nodes\Physical\Specified\Worm\Weapons\Bazooka.h">
      <Filter>Header Files\Nodes\Physical\Specified\Worm\Weapons</Filter>
    </ClInclude>
    <ClInclude Include="Nodes\Physical\NodePhysicalSprite.h">
      <Filter>Header Files\Nodes\Physical</Filter>
    </ClInclude>
    <ClInclude Include="Nodes\Physical\Specified\Worm\Weapons\Bullet.h">
      <Filter>Header Files\Nodes\Physical\Specified\Worm\Weapons</Filter>
    </ClInclude>
    <ClInclude Include="Nodes\Physical\Specified\Worm\Weapons\Hitbox.h">
      <Filter>Header Files\Nodes\Physical\Specified\Worm\Weapons</Filter>
    </ClInclude>
    <ClInclude Include="Nodes\Physical\Specified\Worm\WormHitState.h">
      <Filter>Header Files\Nodes\Physical\Specified\Worm</Filter>
    </ClInclude>
    <ClInclude Include="Nodes\Physical\NodePhysicalSpark.h">
      <Filter>Header Files\Nodes\Physical</Filter>
    </ClInclude>
    <ClInclude Include="WorldListener.h">
      <Filter>Header Files</Filter>
    </ClInclude>
    <ClInclude Include="Nodes\Physical\Specified\Worm\WormInventoryState.h">
      <Filter>Header Files\Nodes\Physical\Specified\Worm</Filter>
    </ClInclude>
    <ClInclude Include="Nodes\Physical\Specified\Worm\Weapons\Cannon.h">
      <Filter>Header Files\Nodes\Physical\Specified\Worm\Weapons</Filter>
    </ClInclude>
    <ClInclude Include="Nodes\Physical\NodePhysicalBase.h">
      <Filter>Header Files\Nodes\Physical</Filter>
    </ClInclude>
    <ClInclude Include="Nodes\Physical\NodePhysicalBody.h">
      <Filter>Header Files\Nodes\Physical</Filter>
    </ClInclude>
    <ClInclude Include="Nodes\GameplayManager.h">
      <Filter>Header Files\Nodes</Filter>
    </ClInclude>
    <ClInclude Include="Nodes\Physical\Specified\Worm\Weapons\Delayed_Bullet.h">
      <Filter>Header Files\Nodes\Physical\Specified\Worm\Weapons</Filter>
    </ClInclude>
    <ClInclude Include="Nodes\Physical\Specified\Worm\Weapons\Grenade.h">
      <Filter>Header Files\Nodes\Physical\Specified\Worm\Weapons</Filter>
    </ClInclude>
    <ClInclude Include="GUI\Button.h">
      <Filter>Header Files\GUI</Filter>
    </ClInclude>
    <ClInclude Include="GUI\Component.h">
      <Filter>Header Files\GUI</Filter>
    </ClInclude>
    <ClInclude Include="GUI\Container.h">
      <Filter>Header Files\GUI</Filter>
    </ClInclude>
    <ClInclude Include="States\Application_States\MenuState.h">
      <Filter>Header Files\States\Application_States</Filter>
    </ClInclude>
    <ClInclude Include="utils.h">
      <Filter>Header Files</Filter>
    </ClInclude>
    <ClInclude Include="Nodes\Physical\Specified\Worm\WormQueue.h">
      <Filter>Header Files\Nodes\Physical\Specified\Worm</Filter>
    </ClInclude>
    <ClInclude Include="States\Application_States\PauseState.h">
      <Filter>Header Files\States\Application_States</Filter>
    </ClInclude>
    <ClInclude Include="GUI\FixedContainer.h">
      <Filter>Header Files\GUI</Filter>
    </ClInclude>
    <ClInclude Include="States\Application_States\EditorState.h">
      <Filter>Header Files\States\Application_States</Filter>
    </ClInclude>
    <ClInclude Include="Level Editor\Editor.h">
      <Filter>Header Files\Level Editor</Filter>
    </ClInclude>
    <ClInclude Include="Level Editor\NodeEditorObject.h">
      <Filter>Header Files\Level Editor</Filter>
    </ClInclude>
    <ClInclude Include="WorldObjects.h">
      <Filter>Header Files</Filter>
    </ClInclude>
    <ClInclude Include="Nodes\Physical\NodeDestructibleRectangle.h">
      <Filter>Header Files\Nodes\Physical</Filter>
    </ClInclude>
    <ClInclude Include="Nodes\Physical\NodeWater.h">
      <Filter>Header Files\Nodes\Physical</Filter>
    </ClInclude>
    <ClInclude Include="resource.h">
      <Filter>Header Files</Filter>
    </ClInclude>
    <ClInclude Include="Particles\Particles.h">
      <Filter>Header Files\Nodes\Particles</Filter>
    </ClInclude>
    <ClInclude Include="Nodes\Particles\NodeParticle.h">
      <Filter>Header Files\Nodes\Particles</Filter>
    </ClInclude>
    <ClInclude Include="Nodes\Particles\NodeEmitter.h">
      <Filter>Header Files\Nodes\Particles</Filter>
    </ClInclude>
  </ItemGroup>
  <ItemGroup>
    <ResourceCompile Include="Worms-Clone.rc">
      <Filter>Resource Files</Filter>
    </ResourceCompile>
  </ItemGroup>
  <ItemGroup>
    <Image Include="icon1.ico">
      <Filter>Resource Files</Filter>
    </Image>
    <Image Include="..\Icon.png">
      <Filter>Resource Files</Filter>
    </Image>
    <Image Include="Icon.png">
      <Filter>Resource Files</Filter>
    </Image>
    <Image Include="Icon.ico">
      <Filter>Resource Files</Filter>
    </Image>
    <Image Include="icon2.ico">
      <Filter>Resource Files</Filter>
    </Image>
  </ItemGroup>
</Project>