<?xml version="1.0" encoding="utf-8"?>
<Project ToolsVersion="4.0" xmlns="http://schemas.microsoft.com/developer/msbuild/2003">
  <ItemGroup>
    <Filter Include="Source Files">
      <UniqueIdentifier>{4FC737F1-C7A5-4376-A066-2A32D752A2FF}</UniqueIdentifier>
      <Extensions>cpp;c;cc;cxx;c++;cppm;ixx;def;odl;idl;hpj;bat;asm;asmx</Extensions>
    </Filter>
    <Filter Include="Header Files">
      <UniqueIdentifier>{93995380-89BD-4b04-88EB-625FBE52EBFB}</UniqueIdentifier>
      <Extensions>h;hh;hpp;hxx;h++;hm;inl;inc;ipp;xsd</Extensions>
    </Filter>
    <Filter Include="Resource Files">
      <UniqueIdentifier>{67DA6AB6-F800-4c08-8B7A-83BB121AAD01}</UniqueIdentifier>
      <Extensions>rc;ico;cur;bmp;dlg;rc2;rct;bin;rgs;gif;jpg;jpeg;jpe;resx;tiff;tif;png;wav;mfcribbon-ms</Extensions>
    </Filter>
    <Filter Include="Header Files\Resources">
      <UniqueIdentifier>{10be82e9-da68-4ad8-8133-131e53c1a590}</UniqueIdentifier>
    </Filter>
    <Filter Include="Header Files\Nodes">
      <UniqueIdentifier>{3ef9dd9d-8585-4ecb-8ed2-23d1a76f58a9}</UniqueIdentifier>
    </Filter>
    <Filter Include="Source Files\Nodes">
      <UniqueIdentifier>{0a443afb-58c7-4a89-943b-0899fb5117da}</UniqueIdentifier>
    </Filter>
    <Filter Include="Header Files\States">
      <UniqueIdentifier>{a465122e-0692-442d-8539-1f3fe8d3eff1}</UniqueIdentifier>
    </Filter>
    <Filter Include="Header Files\Nodes\Physical">
      <UniqueIdentifier>{34e0a86e-6632-44f2-bad1-b55fa6550e28}</UniqueIdentifier>
    </Filter>
    <Filter Include="Source Files\States">
      <UniqueIdentifier>{8a4e707a-7fe9-42a3-82a5-2a6071665bd9}</UniqueIdentifier>
    </Filter>
    <Filter Include="Source Files\Nodes\Physical">
      <UniqueIdentifier>{96c72fe2-c387-4f5a-9939-e75636ae52d9}</UniqueIdentifier>
    </Filter>
    <Filter Include="Header Files\Nodes\Physical\Specified">
      <UniqueIdentifier>{383a6552-b78f-4cb2-a36f-c903734a63ea}</UniqueIdentifier>
    </Filter>
    <Filter Include="Source Files\Nodes\Physical\Specified">
      <UniqueIdentifier>{667163f3-2d92-46eb-b9bf-38d70ed77b8b}</UniqueIdentifier>
    </Filter>
    <Filter Include="Header Files\States\Application_States">
      <UniqueIdentifier>{24acbe70-b796-4049-bb53-d7ef9c449a5d}</UniqueIdentifier>
    </Filter>
    <Filter Include="Source Files\States\Application_States">
      <UniqueIdentifier>{6d3aabf6-04b3-425f-ad85-eb8e982c1ac2}</UniqueIdentifier>
    </Filter>
    <Filter Include="Header Files\Nodes\Physical\Specified\Worm">
      <UniqueIdentifier>{9f61bb16-d17b-4ff2-b616-51892ee8c759}</UniqueIdentifier>
    </Filter>
    <Filter Include="Source Files\Nodes\Physical\Specified\Worm">
      <UniqueIdentifier>{071eab7a-a578-4003-b884-31f2d110d43f}</UniqueIdentifier>
    </Filter>
    <Filter Include="Header Files\Nodes\Physical\Specified\Worm\Weapons">
      <UniqueIdentifier>{37ebbdea-8934-4eca-8f6d-a2706cf378c3}</UniqueIdentifier>
    </Filter>
    <Filter Include="Source Files\Nodes\Physical\Specified\Worm\Weapons">
      <UniqueIdentifier>{50184757-3906-40e6-85b4-ce4a10f02048}</UniqueIdentifier>
    </Filter>
  </ItemGroup>
  <ItemGroup>
    <ClCompile Include="Worms-Clone.cpp">
      <Filter>Source Files</Filter>
    </ClCompile>
    <ClCompile Include="Nodes\NodeScene.cpp">
      <Filter>Source Files\Nodes</Filter>
    </ClCompile>
    <ClCompile Include="Nodes\NodeSprite.cpp">
      <Filter>Source Files\Nodes</Filter>
    </ClCompile>
    <ClCompile Include="Game.cpp">
      <Filter>Source Files</Filter>
    </ClCompile>
    <ClCompile Include="World.cpp">
      <Filter>Source Files</Filter>
    </ClCompile>
    <ClCompile Include="Nodes\Physical\NodeRectangularPhysical.cpp">
      <Filter>Source Files\Nodes\Physical</Filter>
    </ClCompile>
    <ClCompile Include="States\StateStack.cpp">
      <Filter>Source Files\States</Filter>
    </ClCompile>
    <ClCompile Include="States\State.cpp">
      <Filter>Source Files\States</Filter>
    </ClCompile>
    <ClCompile Include="DebugBox2D.cpp">
      <Filter>Source Files</Filter>
    </ClCompile>
    <ClCompile Include="Nodes\Physical\NodePhysical.cpp">
      <Filter>Source Files\Nodes\Physical</Filter>
    </ClCompile>
    <ClCompile Include="States\Application_States\GameState.cpp">
      <Filter>Source Files\States\Application_States</Filter>
    </ClCompile>
    <ClCompile Include="States\Application_States\TitleState.cpp">
      <Filter>Source Files\States\Application_States</Filter>
    </ClCompile>
    <ClCompile Include="Nodes\Physical\Specified\Worm\Worm.cpp">
      <Filter>Source Files\Nodes\Physical\Specified\Worm</Filter>
    </ClCompile>
    <ClCompile Include="Nodes\Physical\Specified\Worm\WormHideState.cpp">
      <Filter>Source Files\Nodes\Physical\Specified\Worm</Filter>
    </ClCompile>
    <ClCompile Include="Nodes\Physical\Specified\Worm\WormPlayState.cpp">
      <Filter>Source Files\Nodes\Physical\Specified\Worm</Filter>
    </ClCompile>
    <ClCompile Include="Nodes\Physical\Specified\Worm\WormWaitState.cpp">
      <Filter>Source Files\Nodes\Physical\Specified\Worm</Filter>
    </ClCompile>
    <ClCompile Include="Nodes\NodeText.cpp">
      <Filter>Source Files\Nodes</Filter>
    </ClCompile>
    <ClCompile Include="Nodes\Physical\Specified\Worm\WormMoveableState.cpp">
      <Filter>Source Files\Nodes\Physical\Specified\Worm</Filter>
    </ClCompile>
    <ClCompile Include="Nodes\Physical\Specified\Worm\Weapons\Weapon.cpp">
      <Filter>Source Files\Nodes\Physical\Specified\Worm\Weapons</Filter>
    </ClCompile>
    <ClCompile Include="Nodes\Physical\Specified\Worm\Weapons\Bazooka.cpp">
      <Filter>Source Files\Nodes\Physical\Specified\Worm\Weapons</Filter>
    </ClCompile>
    <ClCompile Include="Nodes\Physical\NodePhysicalSprite.cpp">
      <Filter>Source Files\Nodes\Physical</Filter>
    </ClCompile>
    <ClCompile Include="Nodes\Physical\Specified\Worm\Weapons\Bullet.cpp">
      <Filter>Source Files\Nodes\Physical\Specified\Worm\Weapons</Filter>
    </ClCompile>
  </ItemGroup>
  <ItemGroup>
    <ClInclude Include="Game.h">
      <Filter>Header Files</Filter>
    </ClInclude>
    <ClInclude Include="World.h">
      <Filter>Header Files</Filter>
    </ClInclude>
    <ClInclude Include="Nodes\NodeScene.h">
      <Filter>Header Files\Nodes</Filter>
    </ClInclude>
    <ClInclude Include="Nodes\NodeSprite.h">
      <Filter>Header Files\Nodes</Filter>
    </ClInclude>
    <ClInclude Include="Resources\ResourceManager.h">
      <Filter>Header Files\Resources</Filter>
    </ClInclude>
    <ClInclude Include="Resources\Resources.h">
      <Filter>Header Files\Resources</Filter>
    </ClInclude>
    <ClInclude Include="States\State.h">
      <Filter>Header Files\States</Filter>
    </ClInclude>
    <ClInclude Include="States\States.h">
      <Filter>Header Files\States</Filter>
    </ClInclude>
    <ClInclude Include="States\StateStack.h">
      <Filter>Header Files\States</Filter>
    </ClInclude>
    <ClInclude Include="Nodes\Physical\NodeRectangularPhysical.h">
      <Filter>Header Files\Nodes\Physical</Filter>
    </ClInclude>
    <ClInclude Include="DebugBox2D.h">
      <Filter>Header Files</Filter>
    </ClInclude>
    <ClInclude Include="Nodes\Physical\NodePhysical.h">
      <Filter>Header Files\Nodes\Physical</Filter>
    </ClInclude>
    <ClInclude Include="Nodes\Physical\CollideTypes.h">
      <Filter>Header Files\Nodes\Physical</Filter>
    </ClInclude>
    <ClInclude Include="States\Application_States\GameState.h">
      <Filter>Header Files\States\Application_States</Filter>
    </ClInclude>
    <ClInclude Include="States\Application_States\TitleState.h">
      <Filter>Header Files\States\Application_States</Filter>
    </ClInclude>
    <ClInclude Include="Nodes\Physical\Specified\Worm\Worm.h">
      <Filter>Header Files\Nodes\Physical\Specified\Worm</Filter>
    </ClInclude>
    <ClInclude Include="Nodes\Physical\Specified\Worm\WormHideState.h">
      <Filter>Header Files\Nodes\Physical\Specified\Worm</Filter>
    </ClInclude>
    <ClInclude Include="Nodes\Physical\Specified\Worm\WormPlayState.h">
      <Filter>Header Files\Nodes\Physical\Specified\Worm</Filter>
    </ClInclude>
    <ClInclude Include="Nodes\Physical\Specified\Worm\WormWaitState.h">
      <Filter>Header Files\Nodes\Physical\Specified\Worm</Filter>
    </ClInclude>
    <ClInclude Include="Nodes\NodeText.h">
      <Filter>Header Files\Nodes</Filter>
    </ClInclude>
    <ClInclude Include="Nodes\Physical\Specified\Worm\WormMoveableState.h">
      <Filter>Header Files\Nodes\Physical\Specified\Worm</Filter>
    </ClInclude>
    <ClInclude Include="Nodes\Physical\Specified\Worm\Weapons\Weapon.h">
      <Filter>Header Files\Nodes\Physical\Specified\Worm\Weapons</Filter>
    </ClInclude>
    <ClInclude Include="Nodes\Physical\Specified\Worm\Weapons\Bazooka.h">
      <Filter>Header Files\Nodes\Physical\Specified\Worm\Weapons</Filter>
    </ClInclude>
    <ClInclude Include="Nodes\Physical\NodePhysicalSprite.h">
      <Filter>Header Files\Nodes\Physical</Filter>
    </ClInclude>
    <ClInclude Include="Nodes\Physical\Specified\Worm\Weapons\Bullet.h">
      <Filter>Header Files\Nodes\Physical\Specified\Worm\Weapons</Filter>
    </ClInclude>
  </ItemGroup>
</Project>